// !$*UTF8*$!
{
   archiveVersion = "1";
   objectVersion = "46";
   objects = {
      "OBJ_1" = {
         isa = "PBXProject";
         attributes = {
            LastSwiftMigration = "9999";
            LastUpgradeCheck = "9999";
         };
         buildConfigurationList = "OBJ_2";
         compatibilityVersion = "Xcode 3.2";
         developmentRegion = "en";
         hasScannedForEncodings = "0";
         knownRegions = (
            "en"
         );
         mainGroup = "OBJ_5";
         productRefGroup = "OBJ_38";
         projectDirPath = ".";
         targets = (
            "SwiftiMobileDevice::SwiftiMobileDevice",
            "SwiftiMobileDevice::SwiftPMPackageDescription",
            "SwiftiMobileDevice::SwiftiMobileDevicePackageTests::ProductTarget",
            "SwiftiMobileDevice::SwiftiMobileDeviceTests",
            "SwiftyLibPlist::SwiftyLibPlist",
            "SwiftyLibPlist::SwiftPMPackageDescription"
         );
      };
      "OBJ_10" = {
         isa = "PBXFileReference";
         path = "module.modulemap";
         sourceTree = "<group>";
      };
      "OBJ_100" = {
         isa = "PBXSourcesBuildPhase";
         files = (
            "OBJ_101"
         );
      };
      "OBJ_101" = {
         isa = "PBXBuildFile";
         fileRef = "OBJ_37";
      };
      "OBJ_11" = {
         isa = "PBXGroup";
         children = (
            "OBJ_12",
            "OBJ_13",
            "OBJ_14",
            "OBJ_15",
            "OBJ_16",
            "OBJ_17",
            "OBJ_18",
            "OBJ_19",
            "OBJ_20",
            "OBJ_21",
            "OBJ_22",
            "OBJ_23"
         );
         name = "SwiftiMobileDevice";
         path = "Sources/SwiftiMobileDevice";
         sourceTree = "SOURCE_ROOT";
      };
      "OBJ_12" = {
         isa = "PBXFileReference";
         path = "AppleServiceIdentifier.swift";
         sourceTree = "<group>";
      };
      "OBJ_13" = {
         isa = "PBXFileReference";
         path = "DebugServer.swift";
         sourceTree = "<group>";
      };
      "OBJ_14" = {
         isa = "PBXFileReference";
         path = "Device.swift";
         sourceTree = "<group>";
      };
      "OBJ_15" = {
         isa = "PBXFileReference";
         path = "DeviceConnection.swift";
         sourceTree = "<group>";
      };
      "OBJ_16" = {
         isa = "PBXFileReference";
         path = "FileRelay.swift";
         sourceTree = "<group>";
      };
      "OBJ_17" = {
         isa = "PBXFileReference";
         path = "InstallationProxy.swift";
         sourceTree = "<group>";
      };
      "OBJ_18" = {
         isa = "PBXFileReference";
         path = "LockdownClient.swift";
         sourceTree = "<group>";
      };
      "OBJ_19" = {
         isa = "PBXFileReference";
         path = "MobileDevice.swift";
         sourceTree = "<group>";
      };
      "OBJ_2" = {
         isa = "XCConfigurationList";
         buildConfigurations = (
            "OBJ_3",
            "OBJ_4"
         );
         defaultConfigurationIsVisible = "0";
         defaultConfigurationName = "Release";
      };
      "OBJ_20" = {
         isa = "PBXFileReference";
         path = "ScreenshotService.swift";
         sourceTree = "<group>";
      };
      "OBJ_21" = {
         isa = "PBXFileReference";
         path = "SpringboardService.swift";
         sourceTree = "<group>";
      };
      "OBJ_22" = {
         isa = "PBXFileReference";
         path = "String+Unsafe.swift";
         sourceTree = "<group>";
      };
      "OBJ_23" = {
         isa = "PBXFileReference";
         path = "SyslogRelay.swift";
         sourceTree = "<group>";
      };
      "OBJ_24" = {
         isa = "PBXGroup";
         children = (
            "OBJ_25"
         );
         name = "Tests";
         path = "";
         sourceTree = "SOURCE_ROOT";
      };
      "OBJ_25" = {
         isa = "PBXGroup";
         children = (
            "OBJ_26",
            "OBJ_27",
            "OBJ_28"
         );
         name = "SwiftiMobileDeviceTests";
         path = "Tests/SwiftiMobileDeviceTests";
         sourceTree = "SOURCE_ROOT";
      };
      "OBJ_26" = {
         isa = "PBXFileReference";
         path = "Info.plist";
         sourceTree = "<group>";
      };
      "OBJ_27" = {
         isa = "PBXFileReference";
         path = "SwiftiMobileDeviceTests.swift";
         sourceTree = "<group>";
      };
      "OBJ_28" = {
         isa = "PBXFileReference";
         path = "XCTestManifests.swift";
         sourceTree = "<group>";
      };
      "OBJ_29" = {
         isa = "PBXGroup";
         children = (
            "OBJ_30"
         );
         name = "Dependencies";
         path = "";
         sourceTree = "<group>";
      };
      "OBJ_3" = {
         isa = "XCBuildConfiguration";
         buildSettings = {
            CLANG_ENABLE_OBJC_ARC = "YES";
            COMBINE_HIDPI_IMAGES = "YES";
            COPY_PHASE_STRIP = "NO";
            DEBUG_INFORMATION_FORMAT = "dwarf";
            DYLIB_INSTALL_NAME_BASE = "@rpath";
            ENABLE_NS_ASSERTIONS = "YES";
            GCC_OPTIMIZATION_LEVEL = "0";
            GCC_PREPROCESSOR_DEFINITIONS = (
               "$(inherited)",
               "SWIFT_PACKAGE=1",
               "DEBUG=1"
            );
            MACOSX_DEPLOYMENT_TARGET = "10.10";
            ONLY_ACTIVE_ARCH = "YES";
            OTHER_SWIFT_FLAGS = (
               "$(inherited)",
               "-DXcode"
            );
            PRODUCT_NAME = "$(TARGET_NAME)";
            SDKROOT = "macosx";
            SUPPORTED_PLATFORMS = (
               "macosx",
               "iphoneos",
               "iphonesimulator",
               "appletvos",
               "appletvsimulator",
               "watchos",
               "watchsimulator"
            );
            SWIFT_ACTIVE_COMPILATION_CONDITIONS = (
               "$(inherited)",
               "SWIFT_PACKAGE",
               "DEBUG"
            );
            SWIFT_OPTIMIZATION_LEVEL = "-Onone";
            USE_HEADERMAP = "NO";
         };
         name = "Debug";
      };
      "OBJ_30" = {
         isa = "PBXGroup";
         children = (
            "OBJ_31",
            "OBJ_32",
            "OBJ_37"
         );
         name = "SwiftyLibPlist";
         path = "";
         sourceTree = "SOURCE_ROOT";
      };
      "OBJ_31" = {
         isa = "PBXGroup";
         children = (
         );
         name = "LibPlist";
         path = ".build/checkouts/SwiftyLibPlist/Sources/LibPlist";
         sourceTree = "SOURCE_ROOT";
      };
      "OBJ_32" = {
         isa = "PBXGroup";
         children = (
            "OBJ_33",
            "OBJ_34",
            "OBJ_35",
            "OBJ_36"
         );
         name = "SwiftyLibPlist";
         path = ".build/checkouts/SwiftyLibPlist/Sources/SwiftyLibPlist";
         sourceTree = "SOURCE_ROOT";
      };
      "OBJ_33" = {
         isa = "PBXFileReference";
         path = "Plist.swift";
         sourceTree = "<group>";
      };
      "OBJ_34" = {
         isa = "PBXFileReference";
         path = "PlistArray.swift";
         sourceTree = "<group>";
      };
      "OBJ_35" = {
         isa = "PBXFileReference";
         path = "PlistDict.swift";
         sourceTree = "<group>";
      };
      "OBJ_36" = {
         isa = "PBXFileReference";
         path = "PlistValue.swift";
         sourceTree = "<group>";
      };
      "OBJ_37" = {
         isa = "PBXFileReference";
         explicitFileType = "sourcecode.swift";
         name = "Package.swift";
         path = "/Users/kyamamoto/ghq/github.com/k-ymmt/SwiftiMobileDevice/.build/checkouts/SwiftyLibPlist/Package.swift";
         sourceTree = "<group>";
      };
      "OBJ_38" = {
         isa = "PBXGroup";
         children = (
            "SwiftiMobileDevice::SwiftiMobileDeviceTests::Product",
            "SwiftiMobileDevice::SwiftiMobileDevice::Product",
            "SwiftyLibPlist::SwiftyLibPlist::Product"
         );
         name = "Products";
         path = "";
         sourceTree = "BUILT_PRODUCTS_DIR";
      };
      "OBJ_4" = {
         isa = "XCBuildConfiguration";
         buildSettings = {
            CLANG_ENABLE_OBJC_ARC = "YES";
            COMBINE_HIDPI_IMAGES = "YES";
            COPY_PHASE_STRIP = "YES";
            DEBUG_INFORMATION_FORMAT = "dwarf-with-dsym";
            DYLIB_INSTALL_NAME_BASE = "@rpath";
            GCC_OPTIMIZATION_LEVEL = "s";
            GCC_PREPROCESSOR_DEFINITIONS = (
               "$(inherited)",
               "SWIFT_PACKAGE=1"
            );
            MACOSX_DEPLOYMENT_TARGET = "10.10";
            OTHER_SWIFT_FLAGS = (
               "$(inherited)",
               "-DXcode"
            );
            PRODUCT_NAME = "$(TARGET_NAME)";
            SDKROOT = "macosx";
            SUPPORTED_PLATFORMS = (
               "macosx",
               "iphoneos",
               "iphonesimulator",
               "appletvos",
               "appletvsimulator",
               "watchos",
               "watchsimulator"
            );
            SWIFT_ACTIVE_COMPILATION_CONDITIONS = (
               "$(inherited)",
               "SWIFT_PACKAGE"
            );
            SWIFT_OPTIMIZATION_LEVEL = "-Owholemodule";
            USE_HEADERMAP = "NO";
         };
         name = "Release";
      };
      "OBJ_42" = {
         isa = "PBXFileReference";
         path = "README.md";
         sourceTree = "<group>";
      };
      "OBJ_44" = {
         isa = "XCConfigurationList";
         buildConfigurations = (
            "OBJ_45",
            "OBJ_46"
         );
         defaultConfigurationIsVisible = "0";
         defaultConfigurationName = "Release";
      };
      "OBJ_45" = {
         isa = "XCBuildConfiguration";
         buildSettings = {
            ENABLE_TESTABILITY = "YES";
            FRAMEWORK_SEARCH_PATHS = (
               "$(inherited)",
               "$(PLATFORM_DIR)/Developer/Library/Frameworks"
            );
            HEADER_SEARCH_PATHS = (
               "$(inherited)",
               "$(SRCROOT)/.build/checkouts/SwiftyLibPlist/Sources/LibPlist",
               "$(SRCROOT)/Sources/LibMobileDevice"
            );
            INFOPLIST_FILE = "SwiftiMobileDevice.xcodeproj/SwiftiMobileDevice_Info.plist";
            IPHONEOS_DEPLOYMENT_TARGET = "8.0";
            LD_RUNPATH_SEARCH_PATHS = (
               "$(inherited)",
               "$(TOOLCHAIN_DIR)/usr/lib/swift/macosx"
            );
            MACOSX_DEPLOYMENT_TARGET = "10.10";
            OTHER_CFLAGS = (
               "$(inherited)",
               "-I/usr/local/Cellar/libplist/2.1.0/include",
               "-I/usr/local/include",
               "-I/usr/local/Cellar/libplist/2.1.0/include",
               "-I/usr/local/Cellar/libusbmuxd/2.0.1/include",
               "-I/usr/local/Cellar/libplist/2.1.0/include",
               "-I/usr/local/Cellar/openssl@1.1/1.1.1d/include",
               "-I/usr/local/Cellar/openssl@1.1/1.1.1d/include",
               "-I/usr/local/Cellar/openssl@1.1/1.1.1d/include"
            );
            OTHER_LDFLAGS = (
               "$(inherited)",
               "-L/usr/local/Cellar/libplist/2.1.0/lib",
               "-lplist",
               "-L/usr/local/lib",
               "-limobiledevice",
               "-L/usr/local/Cellar/libplist/2.1.0/lib",
               "-lplist"
            );
            OTHER_SWIFT_FLAGS = (
               "$(inherited)",
               "-I/usr/local/Cellar/libplist/2.1.0/include",
               "-I/usr/local/include",
               "-I/usr/local/Cellar/libplist/2.1.0/include",
               "-I/usr/local/Cellar/libusbmuxd/2.0.1/include",
               "-I/usr/local/Cellar/libplist/2.1.0/include",
               "-I/usr/local/Cellar/openssl@1.1/1.1.1d/include",
               "-I/usr/local/Cellar/openssl@1.1/1.1.1d/include",
               "-I/usr/local/Cellar/openssl@1.1/1.1.1d/include"
            );
            PRODUCT_BUNDLE_IDENTIFIER = "SwiftiMobileDevice";
            PRODUCT_MODULE_NAME = "$(TARGET_NAME:c99extidentifier)";
            PRODUCT_NAME = "$(TARGET_NAME:c99extidentifier)";
            SKIP_INSTALL = "YES";
            SWIFT_ACTIVE_COMPILATION_CONDITIONS = (
               "$(inherited)"
            );
            SWIFT_VERSION = "5.0";
            TARGET_NAME = "SwiftiMobileDevice";
            TVOS_DEPLOYMENT_TARGET = "9.0";
            WATCHOS_DEPLOYMENT_TARGET = "2.0";
         };
         name = "Debug";
      };
      "OBJ_46" = {
         isa = "XCBuildConfiguration";
         buildSettings = {
            ENABLE_TESTABILITY = "YES";
            FRAMEWORK_SEARCH_PATHS = (
               "$(inherited)",
               "$(PLATFORM_DIR)/Developer/Library/Frameworks"
            );
            HEADER_SEARCH_PATHS = (
               "$(inherited)",
               "$(SRCROOT)/.build/checkouts/SwiftyLibPlist/Sources/LibPlist",
               "$(SRCROOT)/Sources/LibMobileDevice"
            );
            INFOPLIST_FILE = "SwiftiMobileDevice.xcodeproj/SwiftiMobileDevice_Info.plist";
            IPHONEOS_DEPLOYMENT_TARGET = "8.0";
            LD_RUNPATH_SEARCH_PATHS = (
               "$(inherited)",
               "$(TOOLCHAIN_DIR)/usr/lib/swift/macosx"
            );
            MACOSX_DEPLOYMENT_TARGET = "10.10";
            OTHER_CFLAGS = (
               "$(inherited)",
               "-I/usr/local/Cellar/libplist/2.1.0/include",
               "-I/usr/local/include",
               "-I/usr/local/Cellar/libplist/2.1.0/include",
               "-I/usr/local/Cellar/libusbmuxd/2.0.1/include",
               "-I/usr/local/Cellar/libplist/2.1.0/include",
               "-I/usr/local/Cellar/openssl@1.1/1.1.1d/include",
               "-I/usr/local/Cellar/openssl@1.1/1.1.1d/include",
               "-I/usr/local/Cellar/openssl@1.1/1.1.1d/include"
            );
            OTHER_LDFLAGS = (
               "$(inherited)",
               "-L/usr/local/Cellar/libplist/2.1.0/lib",
               "-lplist",
               "-L/usr/local/lib",
               "-limobiledevice",
               "-L/usr/local/Cellar/libplist/2.1.0/lib",
               "-lplist"
            );
            OTHER_SWIFT_FLAGS = (
               "$(inherited)",
               "-I/usr/local/Cellar/libplist/2.1.0/include",
               "-I/usr/local/include",
               "-I/usr/local/Cellar/libplist/2.1.0/include",
               "-I/usr/local/Cellar/libusbmuxd/2.0.1/include",
               "-I/usr/local/Cellar/libplist/2.1.0/include",
               "-I/usr/local/Cellar/openssl@1.1/1.1.1d/include",
               "-I/usr/local/Cellar/openssl@1.1/1.1.1d/include",
               "-I/usr/local/Cellar/openssl@1.1/1.1.1d/include"
            );
            PRODUCT_BUNDLE_IDENTIFIER = "SwiftiMobileDevice";
            PRODUCT_MODULE_NAME = "$(TARGET_NAME:c99extidentifier)";
            PRODUCT_NAME = "$(TARGET_NAME:c99extidentifier)";
            SKIP_INSTALL = "YES";
            SWIFT_ACTIVE_COMPILATION_CONDITIONS = (
               "$(inherited)"
            );
            SWIFT_VERSION = "5.0";
            TARGET_NAME = "SwiftiMobileDevice";
            TVOS_DEPLOYMENT_TARGET = "9.0";
            WATCHOS_DEPLOYMENT_TARGET = "2.0";
         };
         name = "Release";
      };
      "OBJ_47" = {
         isa = "PBXSourcesBuildPhase";
         files = (
            "OBJ_48",
            "OBJ_49",
            "OBJ_50",
            "OBJ_51",
            "OBJ_52",
            "OBJ_53",
            "OBJ_54",
            "OBJ_55",
            "OBJ_56",
            "OBJ_57",
            "OBJ_58",
            "OBJ_59"
         );
      };
      "OBJ_48" = {
         isa = "PBXBuildFile";
         fileRef = "OBJ_12";
      };
      "OBJ_49" = {
         isa = "PBXBuildFile";
         fileRef = "OBJ_13";
      };
      "OBJ_5" = {
         isa = "PBXGroup";
         children = (
            "OBJ_6",
            "OBJ_7",
            "OBJ_24",
            "OBJ_29",
            "OBJ_38",
            "OBJ_42"
         );
         path = "";
         sourceTree = "<group>";
      };
      "OBJ_50" = {
         isa = "PBXBuildFile";
         fileRef = "OBJ_14";
      };
      "OBJ_51" = {
         isa = "PBXBuildFile";
         fileRef = "OBJ_15";
      };
      "OBJ_52" = {
         isa = "PBXBuildFile";
         fileRef = "OBJ_16";
      };
      "OBJ_53" = {
         isa = "PBXBuildFile";
         fileRef = "OBJ_17";
      };
      "OBJ_54" = {
         isa = "PBXBuildFile";
         fileRef = "OBJ_18";
      };
      "OBJ_55" = {
         isa = "PBXBuildFile";
         fileRef = "OBJ_19";
      };
      "OBJ_56" = {
         isa = "PBXBuildFile";
         fileRef = "OBJ_20";
      };
      "OBJ_57" = {
         isa = "PBXBuildFile";
         fileRef = "OBJ_21";
      };
      "OBJ_58" = {
         isa = "PBXBuildFile";
         fileRef = "OBJ_22";
      };
      "OBJ_59" = {
         isa = "PBXBuildFile";
         fileRef = "OBJ_23";
      };
      "OBJ_6" = {
         isa = "PBXFileReference";
         explicitFileType = "sourcecode.swift";
         path = "Package.swift";
         sourceTree = "<group>";
      };
      "OBJ_60" = {
         isa = "PBXFrameworksBuildPhase";
         files = (
            "OBJ_61"
         );
      };
      "OBJ_61" = {
         isa = "PBXBuildFile";
         fileRef = "SwiftyLibPlist::SwiftyLibPlist::Product";
      };
      "OBJ_62" = {
         isa = "PBXTargetDependency";
         target = "SwiftyLibPlist::SwiftyLibPlist";
      };
      "OBJ_65" = {
         isa = "XCConfigurationList";
         buildConfigurations = (
            "OBJ_66",
            "OBJ_67"
         );
         defaultConfigurationIsVisible = "0";
         defaultConfigurationName = "Release";
      };
      "OBJ_66" = {
         isa = "XCBuildConfiguration";
         buildSettings = {
            LD = "/usr/bin/true";
            OTHER_SWIFT_FLAGS = (
               "-swift-version",
               "5",
               "-I",
               "$(TOOLCHAIN_DIR)/usr/lib/swift/pm/4_2",
               "-target",
               "x86_64-apple-macosx10.10",
               "-sdk",
               "/Applications/Xcode11.4-beta.app/Contents/Developer/Platforms/MacOSX.platform/Developer/SDKs/MacOSX10.15.sdk",
               "-package-description-version",
               "5.2.0"
            );
            SWIFT_VERSION = "5.0";
         };
         name = "Debug";
      };
      "OBJ_67" = {
         isa = "XCBuildConfiguration";
         buildSettings = {
            LD = "/usr/bin/true";
            OTHER_SWIFT_FLAGS = (
               "-swift-version",
               "5",
               "-I",
               "$(TOOLCHAIN_DIR)/usr/lib/swift/pm/4_2",
               "-target",
               "x86_64-apple-macosx10.10",
               "-sdk",
               "/Applications/Xcode11.4-beta.app/Contents/Developer/Platforms/MacOSX.platform/Developer/SDKs/MacOSX10.15.sdk",
               "-package-description-version",
               "5.2.0"
            );
            SWIFT_VERSION = "5.0";
         };
         name = "Release";
      };
      "OBJ_68" = {
         isa = "PBXSourcesBuildPhase";
         files = (
            "OBJ_69"
         );
      };
      "OBJ_69" = {
         isa = "PBXBuildFile";
         fileRef = "OBJ_6";
      };
      "OBJ_7" = {
         isa = "PBXGroup";
         children = (
            "OBJ_8",
            "OBJ_11"
         );
         name = "Sources";
         path = "";
         sourceTree = "SOURCE_ROOT";
      };
      "OBJ_71" = {
         isa = "XCConfigurationList";
         buildConfigurations = (
            "OBJ_72",
            "OBJ_73"
         );
         defaultConfigurationIsVisible = "0";
         defaultConfigurationName = "Release";
      };
      "OBJ_72" = {
         isa = "XCBuildConfiguration";
         buildSettings = {
         };
         name = "Debug";
      };
      "OBJ_73" = {
         isa = "XCBuildConfiguration";
         buildSettings = {
         };
         name = "Release";
      };
      "OBJ_74" = {
         isa = "PBXTargetDependency";
         target = "SwiftiMobileDevice::SwiftiMobileDeviceTests";
      };
      "OBJ_76" = {
         isa = "XCConfigurationList";
         buildConfigurations = (
            "OBJ_77",
            "OBJ_78"
         );
         defaultConfigurationIsVisible = "0";
         defaultConfigurationName = "Release";
      };
      "OBJ_77" = {
         isa = "XCBuildConfiguration";
         buildSettings = {
            CLANG_ENABLE_MODULES = "YES";
            EMBEDDED_CONTENT_CONTAINS_SWIFT = "YES";
            FRAMEWORK_SEARCH_PATHS = (
               "$(inherited)",
               "$(PLATFORM_DIR)/Developer/Library/Frameworks"
            );
            HEADER_SEARCH_PATHS = (
               "$(inherited)",
               "$(SRCROOT)/.build/checkouts/SwiftyLibPlist/Sources/LibPlist",
               "$(SRCROOT)/Sources/LibMobileDevice"
            );
            INFOPLIST_FILE = "SwiftiMobileDevice.xcodeproj/SwiftiMobileDeviceTests_Info.plist";
            IPHONEOS_DEPLOYMENT_TARGET = "8.0";
            LD_RUNPATH_SEARCH_PATHS = (
               "$(inherited)",
               "@loader_path/../Frameworks",
               "@loader_path/Frameworks"
            );
            MACOSX_DEPLOYMENT_TARGET = "10.10";
            OTHER_CFLAGS = (
               "$(inherited)",
               "-I/usr/local/Cellar/libplist/2.1.0/include",
               "-I/usr/local/include",
               "-I/usr/local/Cellar/libplist/2.1.0/include",
               "-I/usr/local/Cellar/libusbmuxd/2.0.1/include",
               "-I/usr/local/Cellar/libplist/2.1.0/include",
               "-I/usr/local/Cellar/openssl@1.1/1.1.1d/include",
               "-I/usr/local/Cellar/openssl@1.1/1.1.1d/include",
               "-I/usr/local/Cellar/openssl@1.1/1.1.1d/include"
            );
            OTHER_LDFLAGS = (
               "$(inherited)",
               "-L/usr/local/Cellar/libplist/2.1.0/lib",
               "-lplist",
               "-L/usr/local/lib",
               "-limobiledevice",
               "-L/usr/local/Cellar/libplist/2.1.0/lib",
               "-lplist"
            );
            OTHER_SWIFT_FLAGS = (
               "$(inherited)",
               "-I/usr/local/Cellar/libplist/2.1.0/include",
               "-I/usr/local/include",
               "-I/usr/local/Cellar/libplist/2.1.0/include",
               "-I/usr/local/Cellar/libusbmuxd/2.0.1/include",
               "-I/usr/local/Cellar/libplist/2.1.0/include",
               "-I/usr/local/Cellar/openssl@1.1/1.1.1d/include",
               "-I/usr/local/Cellar/openssl@1.1/1.1.1d/include",
               "-I/usr/local/Cellar/openssl@1.1/1.1.1d/include"
            );
            SWIFT_ACTIVE_COMPILATION_CONDITIONS = (
               "$(inherited)"
            );
            SWIFT_VERSION = "5.0";
            TARGET_NAME = "SwiftiMobileDeviceTests";
            TVOS_DEPLOYMENT_TARGET = "9.0";
            WATCHOS_DEPLOYMENT_TARGET = "2.0";
         };
         name = "Debug";
      };
      "OBJ_78" = {
         isa = "XCBuildConfiguration";
         buildSettings = {
            CLANG_ENABLE_MODULES = "YES";
            EMBEDDED_CONTENT_CONTAINS_SWIFT = "YES";
            FRAMEWORK_SEARCH_PATHS = (
               "$(inherited)",
               "$(PLATFORM_DIR)/Developer/Library/Frameworks"
            );
            HEADER_SEARCH_PATHS = (
               "$(inherited)",
               "$(SRCROOT)/.build/checkouts/SwiftyLibPlist/Sources/LibPlist",
               "$(SRCROOT)/Sources/LibMobileDevice"
            );
            INFOPLIST_FILE = "SwiftiMobileDevice.xcodeproj/SwiftiMobileDeviceTests_Info.plist";
            IPHONEOS_DEPLOYMENT_TARGET = "8.0";
            LD_RUNPATH_SEARCH_PATHS = (
               "$(inherited)",
               "@loader_path/../Frameworks",
               "@loader_path/Frameworks"
            );
            MACOSX_DEPLOYMENT_TARGET = "10.10";
            OTHER_CFLAGS = (
               "$(inherited)",
               "-I/usr/local/Cellar/libplist/2.1.0/include",
               "-I/usr/local/include",
               "-I/usr/local/Cellar/libplist/2.1.0/include",
               "-I/usr/local/Cellar/libusbmuxd/2.0.1/include",
               "-I/usr/local/Cellar/libplist/2.1.0/include",
               "-I/usr/local/Cellar/openssl@1.1/1.1.1d/include",
               "-I/usr/local/Cellar/openssl@1.1/1.1.1d/include",
               "-I/usr/local/Cellar/openssl@1.1/1.1.1d/include"
            );
            OTHER_LDFLAGS = (
               "$(inherited)",
               "-L/usr/local/Cellar/libplist/2.1.0/lib",
               "-lplist",
               "-L/usr/local/lib",
               "-limobiledevice",
               "-L/usr/local/Cellar/libplist/2.1.0/lib",
               "-lplist"
            );
            OTHER_SWIFT_FLAGS = (
               "$(inherited)",
               "-I/usr/local/Cellar/libplist/2.1.0/include",
               "-I/usr/local/include",
               "-I/usr/local/Cellar/libplist/2.1.0/include",
               "-I/usr/local/Cellar/libusbmuxd/2.0.1/include",
               "-I/usr/local/Cellar/libplist/2.1.0/include",
               "-I/usr/local/Cellar/openssl@1.1/1.1.1d/include",
               "-I/usr/local/Cellar/openssl@1.1/1.1.1d/include",
               "-I/usr/local/Cellar/openssl@1.1/1.1.1d/include"
            );
            SWIFT_ACTIVE_COMPILATION_CONDITIONS = (
               "$(inherited)"
            );
            SWIFT_VERSION = "5.0";
            TARGET_NAME = "SwiftiMobileDeviceTests";
            TVOS_DEPLOYMENT_TARGET = "9.0";
            WATCHOS_DEPLOYMENT_TARGET = "2.0";
         };
         name = "Release";
      };
      "OBJ_79" = {
         isa = "PBXSourcesBuildPhase";
         files = (
            "OBJ_80",
            "OBJ_81"
         );
      };
      "OBJ_8" = {
         isa = "PBXGroup";
         children = (
            "OBJ_9",
            "OBJ_10"
         );
         name = "LibMobileDevice";
         path = "Sources/LibMobileDevice";
         sourceTree = "SOURCE_ROOT";
      };
      "OBJ_80" = {
         isa = "PBXBuildFile";
         fileRef = "OBJ_27";
      };
      "OBJ_81" = {
         isa = "PBXBuildFile";
         fileRef = "OBJ_28";
      };
      "OBJ_82" = {
         isa = "PBXFrameworksBuildPhase";
         files = (
            "OBJ_83",
            "OBJ_84"
         );
      };
      "OBJ_83" = {
         isa = "PBXBuildFile";
         fileRef = "SwiftiMobileDevice::SwiftiMobileDevice::Product";
      };
      "OBJ_84" = {
         isa = "PBXBuildFile";
         fileRef = "SwiftyLibPlist::SwiftyLibPlist::Product";
      };
      "OBJ_85" = {
         isa = "PBXTargetDependency";
         target = "SwiftiMobileDevice::SwiftiMobileDevice";
      };
      "OBJ_86" = {
         isa = "PBXTargetDependency";
         target = "SwiftyLibPlist::SwiftyLibPlist";
      };
      "OBJ_87" = {
         isa = "XCConfigurationList";
         buildConfigurations = (
            "OBJ_88",
            "OBJ_89"
         );
         defaultConfigurationIsVisible = "0";
         defaultConfigurationName = "Release";
      };
      "OBJ_88" = {
         isa = "XCBuildConfiguration";
         buildSettings = {
            ENABLE_TESTABILITY = "YES";
            FRAMEWORK_SEARCH_PATHS = (
               "$(inherited)",
               "$(PLATFORM_DIR)/Developer/Library/Frameworks"
            );
            HEADER_SEARCH_PATHS = (
               "$(inherited)",
               "$(SRCROOT)/.build/checkouts/SwiftyLibPlist/Sources/LibPlist"
            );
            INFOPLIST_FILE = "SwiftiMobileDevice.xcodeproj/SwiftyLibPlist_Info.plist";
            IPHONEOS_DEPLOYMENT_TARGET = "8.0";
            LD_RUNPATH_SEARCH_PATHS = (
               "$(inherited)",
               "$(TOOLCHAIN_DIR)/usr/lib/swift/macosx"
            );
            MACOSX_DEPLOYMENT_TARGET = "10.10";
            OTHER_CFLAGS = (
               "$(inherited)",
               "-I/usr/local/Cellar/libplist/2.1.0/include"
            );
            OTHER_LDFLAGS = (
               "$(inherited)",
               "-L/usr/local/Cellar/libplist/2.1.0/lib",
               "-lplist"
            );
            OTHER_SWIFT_FLAGS = (
               "$(inherited)",
               "-I/usr/local/Cellar/libplist/2.1.0/include"
            );
            PRODUCT_BUNDLE_IDENTIFIER = "SwiftyLibPlist";
            PRODUCT_MODULE_NAME = "$(TARGET_NAME:c99extidentifier)";
            PRODUCT_NAME = "$(TARGET_NAME:c99extidentifier)";
            SKIP_INSTALL = "YES";
            SWIFT_ACTIVE_COMPILATION_CONDITIONS = (
               "$(inherited)"
            );
            SWIFT_VERSION = "5.0";
            TARGET_NAME = "SwiftyLibPlist";
            TVOS_DEPLOYMENT_TARGET = "9.0";
            WATCHOS_DEPLOYMENT_TARGET = "2.0";
         };
         name = "Debug";
      };
      "OBJ_89" = {
         isa = "XCBuildConfiguration";
         buildSettings = {
            ENABLE_TESTABILITY = "YES";
            FRAMEWORK_SEARCH_PATHS = (
               "$(inherited)",
               "$(PLATFORM_DIR)/Developer/Library/Frameworks"
            );
            HEADER_SEARCH_PATHS = (
               "$(inherited)",
               "$(SRCROOT)/.build/checkouts/SwiftyLibPlist/Sources/LibPlist"
            );
            INFOPLIST_FILE = "SwiftiMobileDevice.xcodeproj/SwiftyLibPlist_Info.plist";
            IPHONEOS_DEPLOYMENT_TARGET = "8.0";
            LD_RUNPATH_SEARCH_PATHS = (
               "$(inherited)",
               "$(TOOLCHAIN_DIR)/usr/lib/swift/macosx"
            );
            MACOSX_DEPLOYMENT_TARGET = "10.10";
            OTHER_CFLAGS = (
               "$(inherited)",
               "-I/usr/local/Cellar/libplist/2.1.0/include"
            );
            OTHER_LDFLAGS = (
               "$(inherited)",
               "-L/usr/local/Cellar/libplist/2.1.0/lib",
               "-lplist"
            );
            OTHER_SWIFT_FLAGS = (
               "$(inherited)",
               "-I/usr/local/Cellar/libplist/2.1.0/include"
            );
            PRODUCT_BUNDLE_IDENTIFIER = "SwiftyLibPlist";
            PRODUCT_MODULE_NAME = "$(TARGET_NAME:c99extidentifier)";
            PRODUCT_NAME = "$(TARGET_NAME:c99extidentifier)";
            SKIP_INSTALL = "YES";
            SWIFT_ACTIVE_COMPILATION_CONDITIONS = (
               "$(inherited)"
            );
            SWIFT_VERSION = "5.0";
            TARGET_NAME = "SwiftyLibPlist";
            TVOS_DEPLOYMENT_TARGET = "9.0";
            WATCHOS_DEPLOYMENT_TARGET = "2.0";
         };
         name = "Release";
      };
      "OBJ_9" = {
         isa = "PBXFileReference";
         path = "imobiledevice.h";
         sourceTree = "<group>";
      };
      "OBJ_90" = {
         isa = "PBXSourcesBuildPhase";
         files = (
            "OBJ_91",
            "OBJ_92",
            "OBJ_93",
            "OBJ_94"
         );
      };
      "OBJ_91" = {
         isa = "PBXBuildFile";
         fileRef = "OBJ_33";
      };
      "OBJ_92" = {
         isa = "PBXBuildFile";
         fileRef = "OBJ_34";
      };
      "OBJ_93" = {
         isa = "PBXBuildFile";
         fileRef = "OBJ_35";
      };
      "OBJ_94" = {
         isa = "PBXBuildFile";
         fileRef = "OBJ_36";
      };
      "OBJ_95" = {
         isa = "PBXFrameworksBuildPhase";
         files = (
         );
      };
      "OBJ_97" = {
         isa = "XCConfigurationList";
         buildConfigurations = (
            "OBJ_98",
            "OBJ_99"
         );
         defaultConfigurationIsVisible = "0";
         defaultConfigurationName = "Release";
      };
      "OBJ_98" = {
         isa = "XCBuildConfiguration";
         buildSettings = {
            LD = "/usr/bin/true";
            OTHER_SWIFT_FLAGS = (
               "-swift-version",
               "5",
               "-I",
               "$(TOOLCHAIN_DIR)/usr/lib/swift/pm/4_2",
               "-target",
               "x86_64-apple-macosx10.10",
               "-sdk",
               "/Applications/Xcode11.4-beta.app/Contents/Developer/Platforms/MacOSX.platform/Developer/SDKs/MacOSX10.15.sdk",
               "-package-description-version",
               "5.2.0"
            );
            SWIFT_VERSION = "5.0";
         };
         name = "Debug";
      };
      "OBJ_99" = {
         isa = "XCBuildConfiguration";
         buildSettings = {
            LD = "/usr/bin/true";
            OTHER_SWIFT_FLAGS = (
               "-swift-version",
               "5",
               "-I",
               "$(TOOLCHAIN_DIR)/usr/lib/swift/pm/4_2",
               "-target",
               "x86_64-apple-macosx10.10",
               "-sdk",
               "/Applications/Xcode11.4-beta.app/Contents/Developer/Platforms/MacOSX.platform/Developer/SDKs/MacOSX10.15.sdk",
               "-package-description-version",
               "5.2.0"
            );
            SWIFT_VERSION = "5.0";
         };
         name = "Release";
      };
      "SwiftiMobileDevice::SwiftPMPackageDescription" = {
         isa = "PBXNativeTarget";
         buildConfigurationList = "OBJ_65";
         buildPhases = (
            "OBJ_68"
         );
         dependencies = (
         );
         name = "SwiftiMobileDevicePackageDescription";
         productName = "SwiftiMobileDevicePackageDescription";
         productType = "com.apple.product-type.framework";
      };
      "SwiftiMobileDevice::SwiftiMobileDevice" = {
         isa = "PBXNativeTarget";
         buildConfigurationList = "OBJ_44";
         buildPhases = (
            "OBJ_47",
            "OBJ_60"
         );
         dependencies = (
            "OBJ_62"
         );
         name = "SwiftiMobileDevice";
         productName = "SwiftiMobileDevice";
         productReference = "SwiftiMobileDevice::SwiftiMobileDevice::Product";
         productType = "com.apple.product-type.framework";
      };
      "SwiftiMobileDevice::SwiftiMobileDevice::Product" = {
         isa = "PBXFileReference";
         path = "SwiftiMobileDevice.framework";
         sourceTree = "BUILT_PRODUCTS_DIR";
      };
      "SwiftiMobileDevice::SwiftiMobileDevicePackageTests::ProductTarget" = {
         isa = "PBXAggregateTarget";
         buildConfigurationList = "OBJ_71";
         buildPhases = (
         );
         dependencies = (
            "OBJ_74"
         );
         name = "SwiftiMobileDevicePackageTests";
         productName = "SwiftiMobileDevicePackageTests";
      };
      "SwiftiMobileDevice::SwiftiMobileDeviceTests" = {
         isa = "PBXNativeTarget";
         buildConfigurationList = "OBJ_76";
         buildPhases = (
            "OBJ_79",
            "OBJ_82"
         );
         dependencies = (
            "OBJ_85",
            "OBJ_86"
         );
         name = "SwiftiMobileDeviceTests";
         productName = "SwiftiMobileDeviceTests";
         productReference = "SwiftiMobileDevice::SwiftiMobileDeviceTests::Product";
         productType = "com.apple.product-type.bundle.unit-test";
      };
      "SwiftiMobileDevice::SwiftiMobileDeviceTests::Product" = {
         isa = "PBXFileReference";
         path = "SwiftiMobileDeviceTests.xctest";
         sourceTree = "BUILT_PRODUCTS_DIR";
      };
      "SwiftyLibPlist::SwiftPMPackageDescription" = {
         isa = "PBXNativeTarget";
         buildConfigurationList = "OBJ_97";
         buildPhases = (
            "OBJ_100"
         );
         dependencies = (
         );
         name = "SwiftyLibPlistPackageDescription";
         productName = "SwiftyLibPlistPackageDescription";
         productType = "com.apple.product-type.framework";
      };
      "SwiftyLibPlist::SwiftyLibPlist" = {
         isa = "PBXNativeTarget";
         buildConfigurationList = "OBJ_87";
         buildPhases = (
            "OBJ_90",
            "OBJ_95"
         );
         dependencies = (
         );
         name = "SwiftyLibPlist";
         productName = "SwiftyLibPlist";
         productReference = "SwiftyLibPlist::SwiftyLibPlist::Product";
         productType = "com.apple.product-type.framework";
      };
      "SwiftyLibPlist::SwiftyLibPlist::Product" = {
         isa = "PBXFileReference";
         path = "SwiftyLibPlist.framework";
         sourceTree = "BUILT_PRODUCTS_DIR";
      };
   };
   rootObject = "OBJ_1";
}
